
Microsoft Visual Studio Solution File, Format Version 12.00
# Visual Studio 15
VisualStudioVersion = 15.0.27703.2042
MinimumVisualStudioVersion = 10.0.40219.1
Project("{8BC9CEB8-8B4A-11D0-8D11-00A0C91BC942}") = "Assignment_One", "Assignment_One\Assignment_One.vcxproj", "{18BD6528-06A6-4A65-B736-375437F12514}"
EndProject
Global
	GlobalSection(SolutionConfigurationPlatforms) = preSolution
		Debug|x64 = Debug|x64
		Debug|x86 = Debug|x86
		Release|x64 = Release|x64
		Release|x86 = Release|x86
	EndGlobalSection
	GlobalSection(ProjectConfigurationPlatforms) = postSolution
		{18BD6528-06A6-4A65-B736-375437F12514}.Debug|x64.ActiveCfg = Debug|x64
		{18BD6528-06A6-4A65-B736-375437F12514}.Debug|x64.Build.0 = Debug|x64
		{18BD6528-06A6-4A65-B736-375437F12514}.Debug|x86.ActiveCfg = Debug|Win32
		{18BD6528-06A6-4A65-B736-375437F12514}.Debug|x86.Build.0 = Debug|Win32
		{18BD6528-06A6-4A65-B736-375437F12514}.Release|x64.ActiveCfg = Release|x64
		{18BD6528-06A6-4A65-B736-375437F12514}.Release|x64.Build.0 = Release|x64
		{18BD6528-06A6-4A65-B736-375437F12514}.Release|x86.ActiveCfg = Release|Win32
		{18BD6528-06A6-4A65-B736-375437F12514}.Release|x86.Build.0 = Release|Win32
	EndGlobalSection
	GlobalSection(SolutionProperties) = preSolution
		HideSolutionNode = FALSE
	EndGlobalSection
	GlobalSection(ExtensibilityGlobals) = postSolution
		SolutionGuid = {CB62A092-D545-4429-A897-16F2F0AB0544}
	EndGlobalSection
EndGlobal
